
Microsoft Visual Studio Solution File, Format Version 12.00
Project("{2150E333-8FDC-42A3-9474-1A3956D46DE8}") = "production", "production", "{9FE8E060-12D0-4CC8-B11C-7F7D6630C82A}"
EndProject
Project("{2150E333-8FDC-42A3-9474-1A3956D46DE8}") = "samples", "samples", "{7D054615-6EA3-4103-8F5A-81300D581F1F}"
EndProject
Project("{FAE04EC0-301F-11D3-BF4B-00C04F79EFBC}") = "uv", "src\cs\production\uv\uv.csproj", "{CF3FC8D6-E6F1-497E-9FD6-A0D4122A6572}"
EndProject
Project("{FAE04EC0-301F-11D3-BF4B-00C04F79EFBC}") = "uv-01_helloworld", "src\cs\samples\uv-01_helloworld\uv-01_helloworld.csproj", "{855A4684-A7B0-46DE-880F-A1653F5BF984}"
EndProject
Project("{FAE04EC0-301F-11D3-BF4B-00C04F79EFBC}") = "uv-02_tick", "src\cs\samples\uv-02_tick\uv-02_tick.csproj", "{B2B0CC4F-C79E-46B2-A668-01793948DB2D}"
EndProject
Global
	GlobalSection(SolutionConfigurationPlatforms) = preSolution
		Debug|Any CPU = Debug|Any CPU
		Release|Any CPU = Release|Any CPU
	EndGlobalSection
	GlobalSection(ProjectConfigurationPlatforms) = postSolution
		{CF3FC8D6-E6F1-497E-9FD6-A0D4122A6572}.Debug|Any CPU.ActiveCfg = Debug|Any CPU
		{CF3FC8D6-E6F1-497E-9FD6-A0D4122A6572}.Debug|Any CPU.Build.0 = Debug|Any CPU
		{CF3FC8D6-E6F1-497E-9FD6-A0D4122A6572}.Release|Any CPU.ActiveCfg = Release|Any CPU
		{CF3FC8D6-E6F1-497E-9FD6-A0D4122A6572}.Release|Any CPU.Build.0 = Release|Any CPU
		{855A4684-A7B0-46DE-880F-A1653F5BF984}.Debug|Any CPU.ActiveCfg = Debug|Any CPU
		{855A4684-A7B0-46DE-880F-A1653F5BF984}.Debug|Any CPU.Build.0 = Debug|Any CPU
		{855A4684-A7B0-46DE-880F-A1653F5BF984}.Release|Any CPU.ActiveCfg = Release|Any CPU
		{855A4684-A7B0-46DE-880F-A1653F5BF984}.Release|Any CPU.Build.0 = Release|Any CPU
		{B2B0CC4F-C79E-46B2-A668-01793948DB2D}.Debug|Any CPU.ActiveCfg = Debug|Any CPU
		{B2B0CC4F-C79E-46B2-A668-01793948DB2D}.Debug|Any CPU.Build.0 = Debug|Any CPU
		{B2B0CC4F-C79E-46B2-A668-01793948DB2D}.Release|Any CPU.ActiveCfg = Release|Any CPU
		{B2B0CC4F-C79E-46B2-A668-01793948DB2D}.Release|Any CPU.Build.0 = Release|Any CPU
	EndGlobalSection
	GlobalSection(NestedProjects) = preSolution
		{CF3FC8D6-E6F1-497E-9FD6-A0D4122A6572} = {9FE8E060-12D0-4CC8-B11C-7F7D6630C82A}
		{855A4684-A7B0-46DE-880F-A1653F5BF984} = {7D054615-6EA3-4103-8F5A-81300D581F1F}
		{B2B0CC4F-C79E-46B2-A668-01793948DB2D} = {7D054615-6EA3-4103-8F5A-81300D581F1F}
	EndGlobalSection
EndGlobal
